
Microsoft Visual Studio Solution File, Format Version 12.00
# Visual Studio Version 17
VisualStudioVersion = 17.5.002.0
MinimumVisualStudioVersion = 10.0.40219.1
Project("{9A19103F-16F7-4668-BE54-9A1E7A4F7556}") = "ProjetoTechMed", "ProjetoTechMed\ProjetoTechMed.csproj", "{B7C8031C-6D73-4F43-A464-017C890D9926}"
EndProject
Global
	GlobalSection(SolutionConfigurationPlatforms) = preSolution
		Debug|Any CPU = Debug|Any CPU
		Release|Any CPU = Release|Any CPU
	EndGlobalSection
	GlobalSection(ProjectConfigurationPlatforms) = postSolution
		{B7C8031C-6D73-4F43-A464-017C890D9926}.Debug|Any CPU.ActiveCfg = Debug|Any CPU
		{B7C8031C-6D73-4F43-A464-017C890D9926}.Debug|Any CPU.Build.0 = Debug|Any CPU
		{B7C8031C-6D73-4F43-A464-017C890D9926}.Release|Any CPU.ActiveCfg = Release|Any CPU
		{B7C8031C-6D73-4F43-A464-017C890D9926}.Release|Any CPU.Build.0 = Release|Any CPU
	EndGlobalSection
	GlobalSection(SolutionProperties) = preSolution
		HideSolutionNode = FALSE
	EndGlobalSection
	GlobalSection(ExtensibilityGlobals) = postSolution
		SolutionGuid = {EBAE3B6B-9A49-474F-A1CE-D77C299A5FA3}
	EndGlobalSection
EndGlobal
